// !$*UTF8*$!
{
	archiveVersion = 1;
	classes = {
	};
	objectVersion = 56;
	objects = {

/* Begin PBXBuildFile section */
		3046426729DD697D000B14F2 /* AppDelegate.swift in Sources */ = {isa = PBXBuildFile; fileRef = 3046426629DD697D000B14F2 /* AppDelegate.swift */; };
		3046426929DD697D000B14F2 /* SceneDelegate.swift in Sources */ = {isa = PBXBuildFile; fileRef = 3046426829DD697D000B14F2 /* SceneDelegate.swift */; };
		3046427029DD697E000B14F2 /* Assets.xcassets in Resources */ = {isa = PBXBuildFile; fileRef = 3046426F29DD697E000B14F2 /* Assets.xcassets */; };
		3046427329DD697E000B14F2 /* LaunchScreen.storyboard in Resources */ = {isa = PBXBuildFile; fileRef = 3046427129DD697E000B14F2 /* LaunchScreen.storyboard */; };
		3046428029DD69D1000B14F2 /* SplashView.swift in Sources */ = {isa = PBXBuildFile; fileRef = 3046427F29DD69D1000B14F2 /* SplashView.swift */; };
		3046428229DD69DF000B14F2 /* SplashViewController.swift in Sources */ = {isa = PBXBuildFile; fileRef = 3046428129DD69DF000B14F2 /* SplashViewController.swift */; };
		3046428429DD6CAA000B14F2 /* RegisterView.swift in Sources */ = {isa = PBXBuildFile; fileRef = 3046428329DD6CAA000B14F2 /* RegisterView.swift */; };
		3046428629DD6CC0000B14F2 /* RegisterViewController.swift in Sources */ = {isa = PBXBuildFile; fileRef = 3046428529DD6CC0000B14F2 /* RegisterViewController.swift */; };
		3046428829DD6EBC000B14F2 /* UIColor + Convert.swift in Sources */ = {isa = PBXBuildFile; fileRef = 3046428729DD6EBC000B14F2 /* UIColor + Convert.swift */; };
		3046428A29DD6ED7000B14F2 /* UITextField + Padding.swift in Sources */ = {isa = PBXBuildFile; fileRef = 3046428929DD6ED7000B14F2 /* UITextField + Padding.swift */; };
		3046428C29DD6EEB000B14F2 /* UIView + Divider.swift in Sources */ = {isa = PBXBuildFile; fileRef = 3046428B29DD6EEB000B14F2 /* UIView + Divider.swift */; };
		3046428E29DD74EE000B14F2 /* LoginView.swift in Sources */ = {isa = PBXBuildFile; fileRef = 3046428D29DD74EE000B14F2 /* LoginView.swift */; };
		3046429029DD7505000B14F2 /* LoginViewController.swift in Sources */ = {isa = PBXBuildFile; fileRef = 3046428F29DD7505000B14F2 /* LoginViewController.swift */; };
		3046429229DE1E26000B14F2 /* GoogleService-Info.plist in Resources */ = {isa = PBXBuildFile; fileRef = 3046429129DE1E26000B14F2 /* GoogleService-Info.plist */; };
		304642A929DE20F2000B14F2 /* NetworkController.swift in Sources */ = {isa = PBXBuildFile; fileRef = 304642A829DE20F2000B14F2 /* NetworkController.swift */; };
		304642AB29DE2458000B14F2 /* ViewController + Alert.swift in Sources */ = {isa = PBXBuildFile; fileRef = 304642AA29DE2458000B14F2 /* ViewController + Alert.swift */; };
		304642AD29DE27BB000B14F2 /* MainPageViewController.swift in Sources */ = {isa = PBXBuildFile; fileRef = 304642AC29DE27BB000B14F2 /* MainPageViewController.swift */; };
		304642AF29DE27CC000B14F2 /* MainPageView.swift in Sources */ = {isa = PBXBuildFile; fileRef = 304642AE29DE27CC000B14F2 /* MainPageView.swift */; };
		304642B129DE29BA000B14F2 /* TabbarController.swift in Sources */ = {isa = PBXBuildFile; fileRef = 304642B029DE29BA000B14F2 /* TabbarController.swift */; };
		304642B429DE2FB7000B14F2 /* MainPageCV.swift in Sources */ = {isa = PBXBuildFile; fileRef = 304642B329DE2FB7000B14F2 /* MainPageCV.swift */; };
		304642B729DE324F000B14F2 /* Kingfisher in Frameworks */ = {isa = PBXBuildFile; productRef = 304642B629DE324F000B14F2 /* Kingfisher */; };
		304642BA29DE3299000B14F2 /* Alamofire in Frameworks */ = {isa = PBXBuildFile; productRef = 304642B929DE3299000B14F2 /* Alamofire */; };
		304642BC29DE32C1000B14F2 /* Posts.swift in Sources */ = {isa = PBXBuildFile; fileRef = 304642BB29DE32C1000B14F2 /* Posts.swift */; };
		304BC21B29EB0C7200857804 /* User'sReviewController.swift in Sources */ = {isa = PBXBuildFile; fileRef = 304BC21A29EB0C7200857804 /* User'sReviewController.swift */; };
		304BC21D29EB0C8800857804 /* User'sReviewView.swift in Sources */ = {isa = PBXBuildFile; fileRef = 304BC21C29EB0C8800857804 /* User'sReviewView.swift */; };
		304BC22829EB497800857804 /* WatchLaterView.swift in Sources */ = {isa = PBXBuildFile; fileRef = 304BC22729EB497800857804 /* WatchLaterView.swift */; };
		304BC22A29EB498800857804 /* WatchLaterViewController.swift in Sources */ = {isa = PBXBuildFile; fileRef = 304BC22929EB498800857804 /* WatchLaterViewController.swift */; };
		304BC22C29EB4AE700857804 /* UIimage + Resize.swift in Sources */ = {isa = PBXBuildFile; fileRef = 304BC22B29EB4AE700857804 /* UIimage + Resize.swift */; };
		304BC22E29EB506700857804 /* WatchLaterCell.swift in Sources */ = {isa = PBXBuildFile; fileRef = 304BC22D29EB506700857804 /* WatchLaterCell.swift */; };
		30D4C2C129E1B0F900CAF3AB /* CustomStarButton.swift in Sources */ = {isa = PBXBuildFile; fileRef = 30D4C2C029E1B0F900CAF3AB /* CustomStarButton.swift */; };
		30D4C2C329E1CFF700CAF3AB /* MainPageModel.swift in Sources */ = {isa = PBXBuildFile; fileRef = 30D4C2C229E1CFF700CAF3AB /* MainPageModel.swift */; };
		30D5B99D29DED2AA00CDBF20 /* ForgotPassword.swift in Sources */ = {isa = PBXBuildFile; fileRef = 30D5B99C29DED2AA00CDBF20 /* ForgotPassword.swift */; };
		30D5B99F29DED2C300CDBF20 /* ForgotPasswordViewController.swift in Sources */ = {isa = PBXBuildFile; fileRef = 30D5B99E29DED2C300CDBF20 /* ForgotPasswordViewController.swift */; };
		30D5B9A129DEE3EE00CDBF20 /* DetailViewController.swift in Sources */ = {isa = PBXBuildFile; fileRef = 30D5B9A029DEE3EE00CDBF20 /* DetailViewController.swift */; };
		30D5B9A329DEE3FB00CDBF20 /* DetailView.swift in Sources */ = {isa = PBXBuildFile; fileRef = 30D5B9A229DEE3FB00CDBF20 /* DetailView.swift */; };
		30D5B9A529DEFD2F00CDBF20 /* CommentViewController.swift in Sources */ = {isa = PBXBuildFile; fileRef = 30D5B9A429DEFD2F00CDBF20 /* CommentViewController.swift */; };
		30D5B9A729DEFDF100CDBF20 /* CommentView.swift in Sources */ = {isa = PBXBuildFile; fileRef = 30D5B9A629DEFDF100CDBF20 /* CommentView.swift */; };
		30D5B9A929DF15F600CDBF20 /* TimelineViewController.swift in Sources */ = {isa = PBXBuildFile; fileRef = 30D5B9A829DF15F600CDBF20 /* TimelineViewController.swift */; };
		30D5B9AB29DF160500CDBF20 /* TimelineView.swift in Sources */ = {isa = PBXBuildFile; fileRef = 30D5B9AA29DF160500CDBF20 /* TimelineView.swift */; };
		30D5B9AD29DF16B300CDBF20 /* ReviewCV.swift in Sources */ = {isa = PBXBuildFile; fileRef = 30D5B9AC29DF16B300CDBF20 /* ReviewCV.swift */; };
		30D5B9AF29DF2D9A00CDBF20 /* SettingsViewController.swift in Sources */ = {isa = PBXBuildFile; fileRef = 30D5B9AE29DF2D9A00CDBF20 /* SettingsViewController.swift */; };
		30D5B9B129DF2DB100CDBF20 /* SettingsView.swift in Sources */ = {isa = PBXBuildFile; fileRef = 30D5B9B029DF2DB100CDBF20 /* SettingsView.swift */; };
		30D5B9B329DF33D200CDBF20 /* RequestView.swift in Sources */ = {isa = PBXBuildFile; fileRef = 30D5B9B229DF33D200CDBF20 /* RequestView.swift */; };
		30D5B9B529DF33EE00CDBF20 /* RequestViewController.swift in Sources */ = {isa = PBXBuildFile; fileRef = 30D5B9B429DF33EE00CDBF20 /* RequestViewController.swift */; };
		30D5B9B729DF387D00CDBF20 /* ProfileViewController.swift in Sources */ = {isa = PBXBuildFile; fileRef = 30D5B9B629DF387D00CDBF20 /* ProfileViewController.swift */; };
		30D5B9B929DF388B00CDBF20 /* ProfileView.swift in Sources */ = {isa = PBXBuildFile; fileRef = 30D5B9B829DF388B00CDBF20 /* ProfileView.swift */; };
		30FC06C729DF6E7F0054B8F9 /* ChangePasswordViewController.swift in Sources */ = {isa = PBXBuildFile; fileRef = 30FC06C629DF6E7F0054B8F9 /* ChangePasswordViewController.swift */; };
		30FC06C929DF6EB90054B8F9 /* ChangePasswordView.swift in Sources */ = {isa = PBXBuildFile; fileRef = 30FC06C829DF6EB90054B8F9 /* ChangePasswordView.swift */; };
		30FC06CD29DF72DA0054B8F9 /* FirebaseAuth in Frameworks */ = {isa = PBXBuildFile; productRef = 30FC06CC29DF72DA0054B8F9 /* FirebaseAuth */; };
		30FC06CF29DF72DA0054B8F9 /* FirebaseFirestore in Frameworks */ = {isa = PBXBuildFile; productRef = 30FC06CE29DF72DA0054B8F9 /* FirebaseFirestore */; };
		30FC06D129DF73D50054B8F9 /* UIViewController + hidekeyboard.swift in Sources */ = {isa = PBXBuildFile; fileRef = 30FC06D029DF73D50054B8F9 /* UIViewController + hidekeyboard.swift */; };
/* End PBXBuildFile section */

/* Begin PBXFileReference section */
		3046426329DD697D000B14F2 /* HyperSuperReview.app */ = {isa = PBXFileReference; explicitFileType = wrapper.application; includeInIndex = 0; path = HyperSuperReview.app; sourceTree = BUILT_PRODUCTS_DIR; };
		3046426629DD697D000B14F2 /* AppDelegate.swift */ = {isa = PBXFileReference; lastKnownFileType = sourcecode.swift; path = AppDelegate.swift; sourceTree = "<group>"; };
		3046426829DD697D000B14F2 /* SceneDelegate.swift */ = {isa = PBXFileReference; lastKnownFileType = sourcecode.swift; path = SceneDelegate.swift; sourceTree = "<group>"; };
		3046426F29DD697E000B14F2 /* Assets.xcassets */ = {isa = PBXFileReference; lastKnownFileType = folder.assetcatalog; path = Assets.xcassets; sourceTree = "<group>"; };
		3046427229DD697E000B14F2 /* Base */ = {isa = PBXFileReference; lastKnownFileType = file.storyboard; name = Base; path = Base.lproj/LaunchScreen.storyboard; sourceTree = "<group>"; };
		3046427429DD697E000B14F2 /* Info.plist */ = {isa = PBXFileReference; lastKnownFileType = text.plist.xml; path = Info.plist; sourceTree = "<group>"; };
		3046427F29DD69D1000B14F2 /* SplashView.swift */ = {isa = PBXFileReference; lastKnownFileType = sourcecode.swift; path = SplashView.swift; sourceTree = "<group>"; };
		3046428129DD69DF000B14F2 /* SplashViewController.swift */ = {isa = PBXFileReference; lastKnownFileType = sourcecode.swift; path = SplashViewController.swift; sourceTree = "<group>"; };
		3046428329DD6CAA000B14F2 /* RegisterView.swift */ = {isa = PBXFileReference; lastKnownFileType = sourcecode.swift; path = RegisterView.swift; sourceTree = "<group>"; };
		3046428529DD6CC0000B14F2 /* RegisterViewController.swift */ = {isa = PBXFileReference; lastKnownFileType = sourcecode.swift; path = RegisterViewController.swift; sourceTree = "<group>"; };
		3046428729DD6EBC000B14F2 /* UIColor + Convert.swift */ = {isa = PBXFileReference; lastKnownFileType = sourcecode.swift; path = "UIColor + Convert.swift"; sourceTree = "<group>"; };
		3046428929DD6ED7000B14F2 /* UITextField + Padding.swift */ = {isa = PBXFileReference; lastKnownFileType = sourcecode.swift; path = "UITextField + Padding.swift"; sourceTree = "<group>"; };
		3046428B29DD6EEB000B14F2 /* UIView + Divider.swift */ = {isa = PBXFileReference; lastKnownFileType = sourcecode.swift; path = "UIView + Divider.swift"; sourceTree = "<group>"; };
		3046428D29DD74EE000B14F2 /* LoginView.swift */ = {isa = PBXFileReference; lastKnownFileType = sourcecode.swift; path = LoginView.swift; sourceTree = "<group>"; };
		3046428F29DD7505000B14F2 /* LoginViewController.swift */ = {isa = PBXFileReference; lastKnownFileType = sourcecode.swift; path = LoginViewController.swift; sourceTree = "<group>"; };
		3046429129DE1E26000B14F2 /* GoogleService-Info.plist */ = {isa = PBXFileReference; fileEncoding = 4; lastKnownFileType = text.plist.xml; path = "GoogleService-Info.plist"; sourceTree = "<group>"; };
		304642A829DE20F2000B14F2 /* NetworkController.swift */ = {isa = PBXFileReference; lastKnownFileType = sourcecode.swift; path = NetworkController.swift; sourceTree = "<group>"; };
		304642AA29DE2458000B14F2 /* ViewController + Alert.swift */ = {isa = PBXFileReference; lastKnownFileType = sourcecode.swift; path = "ViewController + Alert.swift"; sourceTree = "<group>"; };
		304642AC29DE27BB000B14F2 /* MainPageViewController.swift */ = {isa = PBXFileReference; lastKnownFileType = sourcecode.swift; path = MainPageViewController.swift; sourceTree = "<group>"; };
		304642AE29DE27CC000B14F2 /* MainPageView.swift */ = {isa = PBXFileReference; lastKnownFileType = sourcecode.swift; path = MainPageView.swift; sourceTree = "<group>"; };
		304642B029DE29BA000B14F2 /* TabbarController.swift */ = {isa = PBXFileReference; lastKnownFileType = sourcecode.swift; path = TabbarController.swift; sourceTree = "<group>"; };
		304642B329DE2FB7000B14F2 /* MainPageCV.swift */ = {isa = PBXFileReference; lastKnownFileType = sourcecode.swift; path = MainPageCV.swift; sourceTree = "<group>"; };
		304642BB29DE32C1000B14F2 /* Posts.swift */ = {isa = PBXFileReference; lastKnownFileType = sourcecode.swift; path = Posts.swift; sourceTree = "<group>"; };
		304BC21A29EB0C7200857804 /* User'sReviewController.swift */ = {isa = PBXFileReference; lastKnownFileType = sourcecode.swift; path = "User'sReviewController.swift"; sourceTree = "<group>"; };
		304BC21C29EB0C8800857804 /* User'sReviewView.swift */ = {isa = PBXFileReference; lastKnownFileType = sourcecode.swift; path = "User'sReviewView.swift"; sourceTree = "<group>"; };
		304BC22729EB497800857804 /* WatchLaterView.swift */ = {isa = PBXFileReference; lastKnownFileType = sourcecode.swift; path = WatchLaterView.swift; sourceTree = "<group>"; };
		304BC22929EB498800857804 /* WatchLaterViewController.swift */ = {isa = PBXFileReference; lastKnownFileType = sourcecode.swift; path = WatchLaterViewController.swift; sourceTree = "<group>"; };
		304BC22B29EB4AE700857804 /* UIimage + Resize.swift */ = {isa = PBXFileReference; lastKnownFileType = sourcecode.swift; path = "UIimage + Resize.swift"; sourceTree = "<group>"; };
		304BC22D29EB506700857804 /* WatchLaterCell.swift */ = {isa = PBXFileReference; lastKnownFileType = sourcecode.swift; path = WatchLaterCell.swift; sourceTree = "<group>"; };
		30D4C2C029E1B0F900CAF3AB /* CustomStarButton.swift */ = {isa = PBXFileReference; lastKnownFileType = sourcecode.swift; path = CustomStarButton.swift; sourceTree = "<group>"; };
		30D4C2C229E1CFF700CAF3AB /* MainPageModel.swift */ = {isa = PBXFileReference; lastKnownFileType = sourcecode.swift; path = MainPageModel.swift; sourceTree = "<group>"; };
		30D5B99C29DED2AA00CDBF20 /* ForgotPassword.swift */ = {isa = PBXFileReference; lastKnownFileType = sourcecode.swift; path = ForgotPassword.swift; sourceTree = "<group>"; };
		30D5B99E29DED2C300CDBF20 /* ForgotPasswordViewController.swift */ = {isa = PBXFileReference; lastKnownFileType = sourcecode.swift; path = ForgotPasswordViewController.swift; sourceTree = "<group>"; };
		30D5B9A029DEE3EE00CDBF20 /* DetailViewController.swift */ = {isa = PBXFileReference; lastKnownFileType = sourcecode.swift; path = DetailViewController.swift; sourceTree = "<group>"; };
		30D5B9A229DEE3FB00CDBF20 /* DetailView.swift */ = {isa = PBXFileReference; lastKnownFileType = sourcecode.swift; path = DetailView.swift; sourceTree = "<group>"; };
		30D5B9A429DEFD2F00CDBF20 /* CommentViewController.swift */ = {isa = PBXFileReference; lastKnownFileType = sourcecode.swift; path = CommentViewController.swift; sourceTree = "<group>"; };
		30D5B9A629DEFDF100CDBF20 /* CommentView.swift */ = {isa = PBXFileReference; lastKnownFileType = sourcecode.swift; path = CommentView.swift; sourceTree = "<group>"; };
		30D5B9A829DF15F600CDBF20 /* TimelineViewController.swift */ = {isa = PBXFileReference; lastKnownFileType = sourcecode.swift; path = TimelineViewController.swift; sourceTree = "<group>"; };
		30D5B9AA29DF160500CDBF20 /* TimelineView.swift */ = {isa = PBXFileReference; lastKnownFileType = sourcecode.swift; path = TimelineView.swift; sourceTree = "<group>"; };
		30D5B9AC29DF16B300CDBF20 /* ReviewCV.swift */ = {isa = PBXFileReference; lastKnownFileType = sourcecode.swift; path = ReviewCV.swift; sourceTree = "<group>"; };
		30D5B9AE29DF2D9A00CDBF20 /* SettingsViewController.swift */ = {isa = PBXFileReference; lastKnownFileType = sourcecode.swift; path = SettingsViewController.swift; sourceTree = "<group>"; };
		30D5B9B029DF2DB100CDBF20 /* SettingsView.swift */ = {isa = PBXFileReference; lastKnownFileType = sourcecode.swift; path = SettingsView.swift; sourceTree = "<group>"; };
		30D5B9B229DF33D200CDBF20 /* RequestView.swift */ = {isa = PBXFileReference; lastKnownFileType = sourcecode.swift; path = RequestView.swift; sourceTree = "<group>"; };
		30D5B9B429DF33EE00CDBF20 /* RequestViewController.swift */ = {isa = PBXFileReference; lastKnownFileType = sourcecode.swift; path = RequestViewController.swift; sourceTree = "<group>"; };
		30D5B9B629DF387D00CDBF20 /* ProfileViewController.swift */ = {isa = PBXFileReference; lastKnownFileType = sourcecode.swift; path = ProfileViewController.swift; sourceTree = "<group>"; };
		30D5B9B829DF388B00CDBF20 /* ProfileView.swift */ = {isa = PBXFileReference; lastKnownFileType = sourcecode.swift; path = ProfileView.swift; sourceTree = "<group>"; };
		30FC06C629DF6E7F0054B8F9 /* ChangePasswordViewController.swift */ = {isa = PBXFileReference; lastKnownFileType = sourcecode.swift; path = ChangePasswordViewController.swift; sourceTree = "<group>"; };
		30FC06C829DF6EB90054B8F9 /* ChangePasswordView.swift */ = {isa = PBXFileReference; lastKnownFileType = sourcecode.swift; path = ChangePasswordView.swift; sourceTree = "<group>"; };
		30FC06D029DF73D50054B8F9 /* UIViewController + hidekeyboard.swift */ = {isa = PBXFileReference; lastKnownFileType = sourcecode.swift; path = "UIViewController + hidekeyboard.swift"; sourceTree = "<group>"; };
/* End PBXFileReference section */

/* Begin PBXFrameworksBuildPhase section */
		3046426029DD697D000B14F2 /* Frameworks */ = {
			isa = PBXFrameworksBuildPhase;
			buildActionMask = 2147483647;
			files = (
				304642B729DE324F000B14F2 /* Kingfisher in Frameworks */,
				30FC06CF29DF72DA0054B8F9 /* FirebaseFirestore in Frameworks */,
				30FC06CD29DF72DA0054B8F9 /* FirebaseAuth in Frameworks */,
				304642BA29DE3299000B14F2 /* Alamofire in Frameworks */,
			);
			runOnlyForDeploymentPostprocessing = 0;
		};
/* End PBXFrameworksBuildPhase section */

/* Begin PBXGroup section */
		3046425A29DD697D000B14F2 = {
			isa = PBXGroup;
			children = (
				3046426529DD697D000B14F2 /* HyperSuperReview */,
				3046426429DD697D000B14F2 /* Products */,
			);
			sourceTree = "<group>";
		};
		3046426429DD697D000B14F2 /* Products */ = {
			isa = PBXGroup;
			children = (
				3046426329DD697D000B14F2 /* HyperSuperReview.app */,
			);
			name = Products;
			sourceTree = "<group>";
		};
		3046426529DD697D000B14F2 /* HyperSuperReview */ = {
			isa = PBXGroup;
			children = (
				304642A729DE20E4000B14F2 /* Network */,
				3046427E29DD699F000B14F2 /* Extensions */,
				3046427D29DD699A000B14F2 /* Support */,
				3046427C29DD6996000B14F2 /* Controller */,
				3046427B29DD6992000B14F2 /* View */,
				3046427A29DD698E000B14F2 /* Model */,
				3046427429DD697E000B14F2 /* Info.plist */,
				3046429129DE1E26000B14F2 /* GoogleService-Info.plist */,
			);
			path = HyperSuperReview;
			sourceTree = "<group>";
		};
		3046427A29DD698E000B14F2 /* Model */ = {
			isa = PBXGroup;
			children = (
				304642BB29DE32C1000B14F2 /* Posts.swift */,
				30D4C2C229E1CFF700CAF3AB /* MainPageModel.swift */,
			);
			path = Model;
			sourceTree = "<group>";
		};
		3046427B29DD6992000B14F2 /* View */ = {
			isa = PBXGroup;
			children = (
				304BC22629EB0D7D00857804 /* Main Page */,
				304BC22329EB0D3F00857804 /* User's Review */,
				304BC22129EB0D0700857804 /* Settings */,
				304BC21E29EB0CD300857804 /* Splash & Login & Register */,
				30D4C2BF29E1B0DD00CAF3AB /* Custom Element */,
				304642B229DE2F7F000B14F2 /* Cell */,
				304BC22729EB497800857804 /* WatchLaterView.swift */,
			);
			path = View;
			sourceTree = "<group>";
		};
		3046427C29DD6996000B14F2 /* Controller */ = {
			isa = PBXGroup;
			children = (
				304BC22429EB0D6600857804 /* MainPage */,
				304BC22229EB0D2B00857804 /* User's Review */,
				304BC22029EB0D0200857804 /* Settings */,
				304BC21F29EB0CE700857804 /* Splash & Login & Register */,
				304BC22929EB498800857804 /* WatchLaterViewController.swift */,
			);
			path = Controller;
			sourceTree = "<group>";
		};
		3046427D29DD699A000B14F2 /* Support */ = {
			isa = PBXGroup;
			children = (
				3046426F29DD697E000B14F2 /* Assets.xcassets */,
				3046426629DD697D000B14F2 /* AppDelegate.swift */,
				3046426829DD697D000B14F2 /* SceneDelegate.swift */,
				3046427129DD697E000B14F2 /* LaunchScreen.storyboard */,
			);
			path = Support;
			sourceTree = "<group>";
		};
		3046427E29DD699F000B14F2 /* Extensions */ = {
			isa = PBXGroup;
			children = (
				3046428729DD6EBC000B14F2 /* UIColor + Convert.swift */,
				3046428929DD6ED7000B14F2 /* UITextField + Padding.swift */,
				3046428B29DD6EEB000B14F2 /* UIView + Divider.swift */,
				304642AA29DE2458000B14F2 /* ViewController + Alert.swift */,
				30FC06D029DF73D50054B8F9 /* UIViewController + hidekeyboard.swift */,
				304BC22B29EB4AE700857804 /* UIimage + Resize.swift */,
			);
			path = Extensions;
			sourceTree = "<group>";
		};
		304642A729DE20E4000B14F2 /* Network */ = {
			isa = PBXGroup;
			children = (
				304642A829DE20F2000B14F2 /* NetworkController.swift */,
			);
			path = Network;
			sourceTree = "<group>";
		};
		304642B229DE2F7F000B14F2 /* Cell */ = {
			isa = PBXGroup;
			children = (
				304642B329DE2FB7000B14F2 /* MainPageCV.swift */,
				30D5B9AC29DF16B300CDBF20 /* ReviewCV.swift */,
				304BC22D29EB506700857804 /* WatchLaterCell.swift */,
			);
			path = Cell;
			sourceTree = "<group>";
		};
		304BC21E29EB0CD300857804 /* Splash & Login & Register */ = {
			isa = PBXGroup;
			children = (
				3046428329DD6CAA000B14F2 /* RegisterView.swift */,
				3046428D29DD74EE000B14F2 /* LoginView.swift */,
				30FC06C829DF6EB90054B8F9 /* ChangePasswordView.swift */,
				30D5B99C29DED2AA00CDBF20 /* ForgotPassword.swift */,
				3046427F29DD69D1000B14F2 /* SplashView.swift */,
			);
			path = "Splash & Login & Register";
			sourceTree = "<group>";
		};
		304BC21F29EB0CE700857804 /* Splash & Login & Register */ = {
			isa = PBXGroup;
			children = (
				30D5B99E29DED2C300CDBF20 /* ForgotPasswordViewController.swift */,
				3046428529DD6CC0000B14F2 /* RegisterViewController.swift */,
				304642B029DE29BA000B14F2 /* TabbarController.swift */,
				30FC06C629DF6E7F0054B8F9 /* ChangePasswordViewController.swift */,
				3046428F29DD7505000B14F2 /* LoginViewController.swift */,
				3046428129DD69DF000B14F2 /* SplashViewController.swift */,
			);
			path = "Splash & Login & Register";
			sourceTree = "<group>";
		};
		304BC22029EB0D0200857804 /* Settings */ = {
			isa = PBXGroup;
			children = (
				30D5B9AE29DF2D9A00CDBF20 /* SettingsViewController.swift */,
				30D5B9B429DF33EE00CDBF20 /* RequestViewController.swift */,
				30D5B9B629DF387D00CDBF20 /* ProfileViewController.swift */,
			);
			path = Settings;
			sourceTree = "<group>";
		};
		304BC22129EB0D0700857804 /* Settings */ = {
			isa = PBXGroup;
			children = (
				30D5B9B029DF2DB100CDBF20 /* SettingsView.swift */,
				30D5B9B829DF388B00CDBF20 /* ProfileView.swift */,
				30D5B9B229DF33D200CDBF20 /* RequestView.swift */,
			);
			path = Settings;
			sourceTree = "<group>";
		};
		304BC22229EB0D2B00857804 /* User's Review */ = {
			isa = PBXGroup;
			children = (
				30D5B9A829DF15F600CDBF20 /* TimelineViewController.swift */,
				30D5B9A429DEFD2F00CDBF20 /* CommentViewController.swift */,
				304BC21A29EB0C7200857804 /* User'sReviewController.swift */,
			);
			path = "User's Review";
			sourceTree = "<group>";
		};
		304BC22329EB0D3F00857804 /* User's Review */ = {
			isa = PBXGroup;
			children = (
				304BC21C29EB0C8800857804 /* User'sReviewView.swift */,
				30D5B9AA29DF160500CDBF20 /* TimelineView.swift */,
				30D5B9A629DEFDF100CDBF20 /* CommentView.swift */,
			);
			path = "User's Review";
			sourceTree = "<group>";
		};
		304BC22429EB0D6600857804 /* MainPage */ = {
			isa = PBXGroup;
			children = (
				304642AC29DE27BB000B14F2 /* MainPageViewController.swift */,
				30D5B9A029DEE3EE00CDBF20 /* DetailViewController.swift */,
			);
			path = MainPage;
			sourceTree = "<group>";
		};
		304BC22629EB0D7D00857804 /* Main Page */ = {
			isa = PBXGroup;
			children = (
				30D5B9A229DEE3FB00CDBF20 /* DetailView.swift */,
				304642AE29DE27CC000B14F2 /* MainPageView.swift */,
			);
			path = "Main Page";
			sourceTree = "<group>";
		};
		30D4C2BF29E1B0DD00CAF3AB /* Custom Element */ = {
			isa = PBXGroup;
			children = (
				30D4C2C029E1B0F900CAF3AB /* CustomStarButton.swift */,
			);
			path = "Custom Element";
			sourceTree = "<group>";
		};
/* End PBXGroup section */

/* Begin PBXNativeTarget section */
		3046426229DD697D000B14F2 /* HyperSuperReview */ = {
			isa = PBXNativeTarget;
			buildConfigurationList = 3046427729DD697E000B14F2 /* Build configuration list for PBXNativeTarget "HyperSuperReview" */;
			buildPhases = (
				3046425F29DD697D000B14F2 /* Sources */,
				3046426029DD697D000B14F2 /* Frameworks */,
				3046426129DD697D000B14F2 /* Resources */,
			);
			buildRules = (
			);
			dependencies = (
			);
			name = HyperSuperReview;
			packageProductDependencies = (
				304642B629DE324F000B14F2 /* Kingfisher */,
				304642B929DE3299000B14F2 /* Alamofire */,
				30FC06CC29DF72DA0054B8F9 /* FirebaseAuth */,
				30FC06CE29DF72DA0054B8F9 /* FirebaseFirestore */,
			);
			productName = HyperSuperReview;
			productReference = 3046426329DD697D000B14F2 /* HyperSuperReview.app */;
			productType = "com.apple.product-type.application";
		};
/* End PBXNativeTarget section */

/* Begin PBXProject section */
		3046425B29DD697D000B14F2 /* Project object */ = {
			isa = PBXProject;
			attributes = {
				BuildIndependentTargetsInParallel = 1;
				LastSwiftUpdateCheck = 1430;
				LastUpgradeCheck = 1430;
				TargetAttributes = {
					3046426229DD697D000B14F2 = {
						CreatedOnToolsVersion = 14.3;
					};
				};
			};
			buildConfigurationList = 3046425E29DD697D000B14F2 /* Build configuration list for PBXProject "HyperSuperReview" */;
			compatibilityVersion = "Xcode 14.0";
			developmentRegion = en;
			hasScannedForEncodings = 0;
			knownRegions = (
				en,
				Base,
			);
			mainGroup = 3046425A29DD697D000B14F2;
			packageReferences = (
				304642B529DE324F000B14F2 /* XCRemoteSwiftPackageReference "Kingfisher" */,
				304642B829DE3299000B14F2 /* XCRemoteSwiftPackageReference "Alamofire" */,
				30FC06CB29DF72D90054B8F9 /* XCRemoteSwiftPackageReference "firebase-ios-sdk" */,
			);
			productRefGroup = 3046426429DD697D000B14F2 /* Products */;
			projectDirPath = "";
			projectRoot = "";
			targets = (
				3046426229DD697D000B14F2 /* HyperSuperReview */,
			);
		};
/* End PBXProject section */

/* Begin PBXResourcesBuildPhase section */
		3046426129DD697D000B14F2 /* Resources */ = {
			isa = PBXResourcesBuildPhase;
			buildActionMask = 2147483647;
			files = (
				3046427329DD697E000B14F2 /* LaunchScreen.storyboard in Resources */,
				3046429229DE1E26000B14F2 /* GoogleService-Info.plist in Resources */,
				3046427029DD697E000B14F2 /* Assets.xcassets in Resources */,
			);
			runOnlyForDeploymentPostprocessing = 0;
		};
/* End PBXResourcesBuildPhase section */

/* Begin PBXSourcesBuildPhase section */
		3046425F29DD697D000B14F2 /* Sources */ = {
			isa = PBXSourcesBuildPhase;
			buildActionMask = 2147483647;
			files = (
				304642AB29DE2458000B14F2 /* ViewController + Alert.swift in Sources */,
				304642B129DE29BA000B14F2 /* TabbarController.swift in Sources */,
				3046426729DD697D000B14F2 /* AppDelegate.swift in Sources */,
				30D4C2C129E1B0F900CAF3AB /* CustomStarButton.swift in Sources */,
				304BC22829EB497800857804 /* WatchLaterView.swift in Sources */,
				304642AF29DE27CC000B14F2 /* MainPageView.swift in Sources */,
				3046428429DD6CAA000B14F2 /* RegisterView.swift in Sources */,
				30D5B9B529DF33EE00CDBF20 /* RequestViewController.swift in Sources */,
				30D5B9B729DF387D00CDBF20 /* ProfileViewController.swift in Sources */,
				30D5B9A329DEE3FB00CDBF20 /* DetailView.swift in Sources */,
				3046428C29DD6EEB000B14F2 /* UIView + Divider.swift in Sources */,
				304BC22A29EB498800857804 /* WatchLaterViewController.swift in Sources */,
				30D5B9A129DEE3EE00CDBF20 /* DetailViewController.swift in Sources */,
				304642B429DE2FB7000B14F2 /* MainPageCV.swift in Sources */,
				30D5B9A929DF15F600CDBF20 /* TimelineViewController.swift in Sources */,
				304642BC29DE32C1000B14F2 /* Posts.swift in Sources */,
				3046426929DD697D000B14F2 /* SceneDelegate.swift in Sources */,
				3046428629DD6CC0000B14F2 /* RegisterViewController.swift in Sources */,
				3046428029DD69D1000B14F2 /* SplashView.swift in Sources */,
				30D4C2C329E1CFF700CAF3AB /* MainPageModel.swift in Sources */,
				3046428229DD69DF000B14F2 /* SplashViewController.swift in Sources */,
				30D5B9AD29DF16B300CDBF20 /* ReviewCV.swift in Sources */,
				304BC21B29EB0C7200857804 /* User'sReviewController.swift in Sources */,
				304642AD29DE27BB000B14F2 /* MainPageViewController.swift in Sources */,
				3046428829DD6EBC000B14F2 /* UIColor + Convert.swift in Sources */,
				30D5B9B129DF2DB100CDBF20 /* SettingsView.swift in Sources */,
				304BC22E29EB506700857804 /* WatchLaterCell.swift in Sources */,
				30D5B99D29DED2AA00CDBF20 /* ForgotPassword.swift in Sources */,
				30FC06C929DF6EB90054B8F9 /* ChangePasswordView.swift in Sources */,
				30D5B9B329DF33D200CDBF20 /* RequestView.swift in Sources */,
				304642A929DE20F2000B14F2 /* NetworkController.swift in Sources */,
				30D5B9A729DEFDF100CDBF20 /* CommentView.swift in Sources */,
				30D5B99F29DED2C300CDBF20 /* ForgotPasswordViewController.swift in Sources */,
				3046428E29DD74EE000B14F2 /* LoginView.swift in Sources */,
				30D5B9AF29DF2D9A00CDBF20 /* SettingsViewController.swift in Sources */,
				3046428A29DD6ED7000B14F2 /* UITextField + Padding.swift in Sources */,
				30FC06C729DF6E7F0054B8F9 /* ChangePasswordViewController.swift in Sources */,
				30FC06D129DF73D50054B8F9 /* UIViewController + hidekeyboard.swift in Sources */,
				3046429029DD7505000B14F2 /* LoginViewController.swift in Sources */,
				304BC22C29EB4AE700857804 /* UIimage + Resize.swift in Sources */,
				30D5B9A529DEFD2F00CDBF20 /* CommentViewController.swift in Sources */,
				30D5B9B929DF388B00CDBF20 /* ProfileView.swift in Sources */,
				30D5B9AB29DF160500CDBF20 /* TimelineView.swift in Sources */,
				304BC21D29EB0C8800857804 /* User'sReviewView.swift in Sources */,
			);
			runOnlyForDeploymentPostprocessing = 0;
		};
/* End PBXSourcesBuildPhase section */

/* Begin PBXVariantGroup section */
		3046427129DD697E000B14F2 /* LaunchScreen.storyboard */ = {
			isa = PBXVariantGroup;
			children = (
				3046427229DD697E000B14F2 /* Base */,
			);
			name = LaunchScreen.storyboard;
			sourceTree = "<group>";
		};
/* End PBXVariantGroup section */

/* Begin XCBuildConfiguration section */
		3046427529DD697E000B14F2 /* Debug */ = {
			isa = XCBuildConfiguration;
			buildSettings = {
				ALWAYS_SEARCH_USER_PATHS = NO;
				CLANG_ANALYZER_NONNULL = YES;
				CLANG_ANALYZER_NUMBER_OBJECT_CONVERSION = YES_AGGRESSIVE;
				CLANG_CXX_LANGUAGE_STANDARD = "gnu++20";
				CLANG_ENABLE_MODULES = YES;
				CLANG_ENABLE_OBJC_ARC = YES;
				CLANG_ENABLE_OBJC_WEAK = YES;
				CLANG_WARN_BLOCK_CAPTURE_AUTORELEASING = YES;
				CLANG_WARN_BOOL_CONVERSION = YES;
				CLANG_WARN_COMMA = YES;
				CLANG_WARN_CONSTANT_CONVERSION = YES;
				CLANG_WARN_DEPRECATED_OBJC_IMPLEMENTATIONS = YES;
				CLANG_WARN_DIRECT_OBJC_ISA_USAGE = YES_ERROR;
				CLANG_WARN_DOCUMENTATION_COMMENTS = YES;
				CLANG_WARN_EMPTY_BODY = YES;
				CLANG_WARN_ENUM_CONVERSION = YES;
				CLANG_WARN_INFINITE_RECURSION = YES;
				CLANG_WARN_INT_CONVERSION = YES;
				CLANG_WARN_NON_LITERAL_NULL_CONVERSION = YES;
				CLANG_WARN_OBJC_IMPLICIT_RETAIN_SELF = YES;
				CLANG_WARN_OBJC_LITERAL_CONVERSION = YES;
				CLANG_WARN_OBJC_ROOT_CLASS = YES_ERROR;
				CLANG_WARN_QUOTED_INCLUDE_IN_FRAMEWORK_HEADER = YES;
				CLANG_WARN_RANGE_LOOP_ANALYSIS = YES;
				CLANG_WARN_STRICT_PROTOTYPES = YES;
				CLANG_WARN_SUSPICIOUS_MOVE = YES;
				CLANG_WARN_UNGUARDED_AVAILABILITY = YES_AGGRESSIVE;
				CLANG_WARN_UNREACHABLE_CODE = YES;
				CLANG_WARN__DUPLICATE_METHOD_MATCH = YES;
				COPY_PHASE_STRIP = NO;
				DEBUG_INFORMATION_FORMAT = dwarf;
				ENABLE_STRICT_OBJC_MSGSEND = YES;
				ENABLE_TESTABILITY = YES;
				GCC_C_LANGUAGE_STANDARD = gnu11;
				GCC_DYNAMIC_NO_PIC = NO;
				GCC_NO_COMMON_BLOCKS = YES;
				GCC_OPTIMIZATION_LEVEL = 0;
				GCC_PREPROCESSOR_DEFINITIONS = (
					"DEBUG=1",
					"$(inherited)",
				);
				GCC_WARN_64_TO_32_BIT_CONVERSION = YES;
				GCC_WARN_ABOUT_RETURN_TYPE = YES_ERROR;
				GCC_WARN_UNDECLARED_SELECTOR = YES;
				GCC_WARN_UNINITIALIZED_AUTOS = YES_AGGRESSIVE;
				GCC_WARN_UNUSED_FUNCTION = YES;
				GCC_WARN_UNUSED_VARIABLE = YES;
				IPHONEOS_DEPLOYMENT_TARGET = 16.4;
				MTL_ENABLE_DEBUG_INFO = INCLUDE_SOURCE;
				MTL_FAST_MATH = YES;
				ONLY_ACTIVE_ARCH = YES;
				SDKROOT = iphoneos;
				SWIFT_ACTIVE_COMPILATION_CONDITIONS = DEBUG;
				SWIFT_OPTIMIZATION_LEVEL = "-Onone";
			};
			name = Debug;
		};
		3046427629DD697E000B14F2 /* Release */ = {
			isa = XCBuildConfiguration;
			buildSettings = {
				ALWAYS_SEARCH_USER_PATHS = NO;
				CLANG_ANALYZER_NONNULL = YES;
				CLANG_ANALYZER_NUMBER_OBJECT_CONVERSION = YES_AGGRESSIVE;
				CLANG_CXX_LANGUAGE_STANDARD = "gnu++20";
				CLANG_ENABLE_MODULES = YES;
				CLANG_ENABLE_OBJC_ARC = YES;
				CLANG_ENABLE_OBJC_WEAK = YES;
				CLANG_WARN_BLOCK_CAPTURE_AUTORELEASING = YES;
				CLANG_WARN_BOOL_CONVERSION = YES;
				CLANG_WARN_COMMA = YES;
				CLANG_WARN_CONSTANT_CONVERSION = YES;
				CLANG_WARN_DEPRECATED_OBJC_IMPLEMENTATIONS = YES;
				CLANG_WARN_DIRECT_OBJC_ISA_USAGE = YES_ERROR;
				CLANG_WARN_DOCUMENTATION_COMMENTS = YES;
				CLANG_WARN_EMPTY_BODY = YES;
				CLANG_WARN_ENUM_CONVERSION = YES;
				CLANG_WARN_INFINITE_RECURSION = YES;
				CLANG_WARN_INT_CONVERSION = YES;
				CLANG_WARN_NON_LITERAL_NULL_CONVERSION = YES;
				CLANG_WARN_OBJC_IMPLICIT_RETAIN_SELF = YES;
				CLANG_WARN_OBJC_LITERAL_CONVERSION = YES;
				CLANG_WARN_OBJC_ROOT_CLASS = YES_ERROR;
				CLANG_WARN_QUOTED_INCLUDE_IN_FRAMEWORK_HEADER = YES;
				CLANG_WARN_RANGE_LOOP_ANALYSIS = YES;
				CLANG_WARN_STRICT_PROTOTYPES = YES;
				CLANG_WARN_SUSPICIOUS_MOVE = YES;
				CLANG_WARN_UNGUARDED_AVAILABILITY = YES_AGGRESSIVE;
				CLANG_WARN_UNREACHABLE_CODE = YES;
				CLANG_WARN__DUPLICATE_METHOD_MATCH = YES;
				COPY_PHASE_STRIP = NO;
				DEBUG_INFORMATION_FORMAT = "dwarf-with-dsym";
				ENABLE_NS_ASSERTIONS = NO;
				ENABLE_STRICT_OBJC_MSGSEND = YES;
				GCC_C_LANGUAGE_STANDARD = gnu11;
				GCC_NO_COMMON_BLOCKS = YES;
				GCC_WARN_64_TO_32_BIT_CONVERSION = YES;
				GCC_WARN_ABOUT_RETURN_TYPE = YES_ERROR;
				GCC_WARN_UNDECLARED_SELECTOR = YES;
				GCC_WARN_UNINITIALIZED_AUTOS = YES_AGGRESSIVE;
				GCC_WARN_UNUSED_FUNCTION = YES;
				GCC_WARN_UNUSED_VARIABLE = YES;
				IPHONEOS_DEPLOYMENT_TARGET = 16.4;
				MTL_ENABLE_DEBUG_INFO = NO;
				MTL_FAST_MATH = YES;
				SDKROOT = iphoneos;
				SWIFT_COMPILATION_MODE = wholemodule;
				SWIFT_OPTIMIZATION_LEVEL = "-O";
				VALIDATE_PRODUCT = YES;
			};
			name = Release;
		};
		3046427829DD697E000B14F2 /* Debug */ = {
			isa = XCBuildConfiguration;
			buildSettings = {
				ASSETCATALOG_COMPILER_APPICON_NAME = AppIcon;
				ASSETCATALOG_COMPILER_GLOBAL_ACCENT_COLOR_NAME = AccentColor;
				CODE_SIGN_STYLE = Automatic;
				CURRENT_PROJECT_VERSION = 1;
				DEVELOPMENT_TEAM = 2LZLJ23WR7;
				GENERATE_INFOPLIST_FILE = YES;
				INFOPLIST_FILE = HyperSuperReview/Info.plist;
				INFOPLIST_KEY_UIApplicationSupportsIndirectInputEvents = YES;
				INFOPLIST_KEY_UILaunchStoryboardName = LaunchScreen;
				INFOPLIST_KEY_UISupportedInterfaceOrientations = UIInterfaceOrientationPortrait;
				INFOPLIST_KEY_UISupportedInterfaceOrientations_iPad = "UIInterfaceOrientationLandscapeLeft UIInterfaceOrientationLandscapeRight UIInterfaceOrientationPortrait UIInterfaceOrientationPortraitUpsideDown";
				IPHONEOS_DEPLOYMENT_TARGET = 15.0;
				LD_RUNPATH_SEARCH_PATHS = (
					"$(inherited)",
					"@executable_path/Frameworks",
				);
				MARKETING_VERSION = 1.0;
				PRODUCT_BUNDLE_IDENTIFIER = com.ardacimen.HyperSuperReview;
				PRODUCT_NAME = "$(TARGET_NAME)";
				SUPPORTED_PLATFORMS = "iphoneos iphonesimulator";
				SUPPORTS_MACCATALYST = NO;
				SUPPORTS_MAC_DESIGNED_FOR_IPHONE_IPAD = NO;
				SWIFT_EMIT_LOC_STRINGS = YES;
				SWIFT_VERSION = 5.0;
				TARGETED_DEVICE_FAMILY = 1;
			};
			name = Debug;
		};
		3046427929DD697E000B14F2 /* Release */ = {
			isa = XCBuildConfiguration;
			buildSettings = {
				ASSETCATALOG_COMPILER_APPICON_NAME = AppIcon;
				ASSETCATALOG_COMPILER_GLOBAL_ACCENT_COLOR_NAME = AccentColor;
				CODE_SIGN_STYLE = Automatic;
				CURRENT_PROJECT_VERSION = 1;
				DEVELOPMENT_TEAM = 2LZLJ23WR7;
				GENERATE_INFOPLIST_FILE = YES;
				INFOPLIST_FILE = HyperSuperReview/Info.plist;
				INFOPLIST_KEY_UIApplicationSupportsIndirectInputEvents = YES;
				INFOPLIST_KEY_UILaunchStoryboardName = LaunchScreen;
				INFOPLIST_KEY_UISupportedInterfaceOrientations = UIInterfaceOrientationPortrait;
				INFOPLIST_KEY_UISupportedInterfaceOrientations_iPad = "UIInterfaceOrientationLandscapeLeft UIInterfaceOrientationLandscapeRight UIInterfaceOrientationPortrait UIInterfaceOrientationPortraitUpsideDown";
				IPHONEOS_DEPLOYMENT_TARGET = 15.0;
				LD_RUNPATH_SEARCH_PATHS = (
					"$(inherited)",
					"@executable_path/Frameworks",
				);
				MARKETING_VERSION = 1.0;
				PRODUCT_BUNDLE_IDENTIFIER = com.ardacimen.HyperSuperReview;
				PRODUCT_NAME = "$(TARGET_NAME)";
				SUPPORTED_PLATFORMS = "iphoneos iphonesimulator";
				SUPPORTS_MACCATALYST = NO;
				SUPPORTS_MAC_DESIGNED_FOR_IPHONE_IPAD = NO;
				SWIFT_EMIT_LOC_STRINGS = YES;
				SWIFT_VERSION = 5.0;
				TARGETED_DEVICE_FAMILY = 1;
			};
			name = Release;
		};
/* End XCBuildConfiguration section */

/* Begin XCConfigurationList section */
		3046425E29DD697D000B14F2 /* Build configuration list for PBXProject "HyperSuperReview" */ = {
			isa = XCConfigurationList;
			buildConfigurations = (
				3046427529DD697E000B14F2 /* Debug */,
				3046427629DD697E000B14F2 /* Release */,
			);
			defaultConfigurationIsVisible = 0;
			defaultConfigurationName = Release;
		};
		3046427729DD697E000B14F2 /* Build configuration list for PBXNativeTarget "HyperSuperReview" */ = {
			isa = XCConfigurationList;
			buildConfigurations = (
				3046427829DD697E000B14F2 /* Debug */,
				3046427929DD697E000B14F2 /* Release */,
			);
			defaultConfigurationIsVisible = 0;
			defaultConfigurationName = Release;
		};
/* End XCConfigurationList section */

/* Begin XCRemoteSwiftPackageReference section */
		304642B529DE324F000B14F2 /* XCRemoteSwiftPackageReference "Kingfisher" */ = {
			isa = XCRemoteSwiftPackageReference;
			repositoryURL = "https://github.com/onevcat/Kingfisher.git";
			requirement = {
				kind = upToNextMajorVersion;
				minimumVersion = 7.0.0;
			};
		};
		304642B829DE3299000B14F2 /* XCRemoteSwiftPackageReference "Alamofire" */ = {
			isa = XCRemoteSwiftPackageReference;
			repositoryURL = "https://github.com/Alamofire/Alamofire.git";
			requirement = {
				kind = upToNextMajorVersion;
				minimumVersion = 5.0.0;
			};
		};
		30FC06CB29DF72D90054B8F9 /* XCRemoteSwiftPackageReference "firebase-ios-sdk" */ = {
			isa = XCRemoteSwiftPackageReference;
			repositoryURL = "https://github.com/firebase/firebase-ios-sdk";
			requirement = {
				kind = upToNextMajorVersion;
				minimumVersion = 10.0.0;
			};
		};
/* End XCRemoteSwiftPackageReference section */

/* Begin XCSwiftPackageProductDependency section */
		304642B629DE324F000B14F2 /* Kingfisher */ = {
			isa = XCSwiftPackageProductDependency;
			package = 304642B529DE324F000B14F2 /* XCRemoteSwiftPackageReference "Kingfisher" */;
			productName = Kingfisher;
		};
		304642B929DE3299000B14F2 /* Alamofire */ = {
			isa = XCSwiftPackageProductDependency;
			package = 304642B829DE3299000B14F2 /* XCRemoteSwiftPackageReference "Alamofire" */;
			productName = Alamofire;
		};
		30FC06CC29DF72DA0054B8F9 /* FirebaseAuth */ = {
			isa = XCSwiftPackageProductDependency;
			package = 30FC06CB29DF72D90054B8F9 /* XCRemoteSwiftPackageReference "firebase-ios-sdk" */;
			productName = FirebaseAuth;
		};
		30FC06CE29DF72DA0054B8F9 /* FirebaseFirestore */ = {
			isa = XCSwiftPackageProductDependency;
			package = 30FC06CB29DF72D90054B8F9 /* XCRemoteSwiftPackageReference "firebase-ios-sdk" */;
			productName = FirebaseFirestore;
		};
/* End XCSwiftPackageProductDependency section */
	};
	rootObject = 3046425B29DD697D000B14F2 /* Project object */;
}
